
Microsoft Visual Studio Solution File, Format Version 12.00
# Visual Studio 15
VisualStudioVersion = 15.0.26124.0
MinimumVisualStudioVersion = 15.0.26124.0
Project("{2150E333-8FDC-42A3-9474-1A3956D46DE8}") = "src", "src", "{0C586359-90BD-4E66-AB09-D2BA009DD811}"
EndProject
Project("{FAE04EC0-301F-11D3-BF4B-00C04F79EFBC}") = "Tracer.Tests", "src\Tracer.Tests\Tracer.Tests.csproj", "{A68DE53D-D970-47C7-9D90-9383AE7F9A66}"
EndProject
Project("{FAE04EC0-301F-11D3-BF4B-00C04F79EFBC}") = "Tracer", "src\Tracer\Tracer.csproj", "{ED13F0FF-C2DE-4882-9038-07E9D4FDC3AF}"
EndProject
Project("{FAE04EC0-301F-11D3-BF4B-00C04F79EFBC}") = "Tracer.ImageSharp", "src\Tracer.ImageSharp\Tracer.ImageSharp.csproj", "{5F3923E7-83E3-449F-9006-6B96D6FD456D}"
EndProject
Project("{FAE04EC0-301F-11D3-BF4B-00C04F79EFBC}") = "Tracer.Console", "src\Tracer.Console\Tracer.Console.csproj", "{E43FCBD8-C14D-42D3-B86B-B76C50850514}"
EndProject
Global
	GlobalSection(SolutionConfigurationPlatforms) = preSolution
		Debug|Any CPU = Debug|Any CPU
		Debug|x64 = Debug|x64
		Debug|x86 = Debug|x86
		Release|Any CPU = Release|Any CPU
		Release|x64 = Release|x64
		Release|x86 = Release|x86
	EndGlobalSection
	GlobalSection(SolutionProperties) = preSolution
		HideSolutionNode = FALSE
	EndGlobalSection
	GlobalSection(ProjectConfigurationPlatforms) = postSolution
		{A68DE53D-D970-47C7-9D90-9383AE7F9A66}.Debug|Any CPU.ActiveCfg = Debug|Any CPU
		{A68DE53D-D970-47C7-9D90-9383AE7F9A66}.Debug|Any CPU.Build.0 = Debug|Any CPU
		{A68DE53D-D970-47C7-9D90-9383AE7F9A66}.Debug|x64.ActiveCfg = Debug|x64
		{A68DE53D-D970-47C7-9D90-9383AE7F9A66}.Debug|x64.Build.0 = Debug|x64
		{A68DE53D-D970-47C7-9D90-9383AE7F9A66}.Debug|x86.ActiveCfg = Debug|x86
		{A68DE53D-D970-47C7-9D90-9383AE7F9A66}.Debug|x86.Build.0 = Debug|x86
		{A68DE53D-D970-47C7-9D90-9383AE7F9A66}.Release|Any CPU.ActiveCfg = Release|Any CPU
		{A68DE53D-D970-47C7-9D90-9383AE7F9A66}.Release|Any CPU.Build.0 = Release|Any CPU
		{A68DE53D-D970-47C7-9D90-9383AE7F9A66}.Release|x64.ActiveCfg = Release|x64
		{A68DE53D-D970-47C7-9D90-9383AE7F9A66}.Release|x64.Build.0 = Release|x64
		{A68DE53D-D970-47C7-9D90-9383AE7F9A66}.Release|x86.ActiveCfg = Release|x86
		{A68DE53D-D970-47C7-9D90-9383AE7F9A66}.Release|x86.Build.0 = Release|x86
		{ED13F0FF-C2DE-4882-9038-07E9D4FDC3AF}.Debug|Any CPU.ActiveCfg = Debug|Any CPU
		{ED13F0FF-C2DE-4882-9038-07E9D4FDC3AF}.Debug|Any CPU.Build.0 = Debug|Any CPU
		{ED13F0FF-C2DE-4882-9038-07E9D4FDC3AF}.Debug|x64.ActiveCfg = Debug|x64
		{ED13F0FF-C2DE-4882-9038-07E9D4FDC3AF}.Debug|x64.Build.0 = Debug|x64
		{ED13F0FF-C2DE-4882-9038-07E9D4FDC3AF}.Debug|x86.ActiveCfg = Debug|x86
		{ED13F0FF-C2DE-4882-9038-07E9D4FDC3AF}.Debug|x86.Build.0 = Debug|x86
		{ED13F0FF-C2DE-4882-9038-07E9D4FDC3AF}.Release|Any CPU.ActiveCfg = Release|Any CPU
		{ED13F0FF-C2DE-4882-9038-07E9D4FDC3AF}.Release|Any CPU.Build.0 = Release|Any CPU
		{ED13F0FF-C2DE-4882-9038-07E9D4FDC3AF}.Release|x64.ActiveCfg = Release|x64
		{ED13F0FF-C2DE-4882-9038-07E9D4FDC3AF}.Release|x64.Build.0 = Release|x64
		{ED13F0FF-C2DE-4882-9038-07E9D4FDC3AF}.Release|x86.ActiveCfg = Release|x86
		{ED13F0FF-C2DE-4882-9038-07E9D4FDC3AF}.Release|x86.Build.0 = Release|x86
		{5F3923E7-83E3-449F-9006-6B96D6FD456D}.Debug|Any CPU.ActiveCfg = Debug|Any CPU
		{5F3923E7-83E3-449F-9006-6B96D6FD456D}.Debug|Any CPU.Build.0 = Debug|Any CPU
		{5F3923E7-83E3-449F-9006-6B96D6FD456D}.Debug|x64.ActiveCfg = Debug|x64
		{5F3923E7-83E3-449F-9006-6B96D6FD456D}.Debug|x64.Build.0 = Debug|x64
		{5F3923E7-83E3-449F-9006-6B96D6FD456D}.Debug|x86.ActiveCfg = Debug|x86
		{5F3923E7-83E3-449F-9006-6B96D6FD456D}.Debug|x86.Build.0 = Debug|x86
		{5F3923E7-83E3-449F-9006-6B96D6FD456D}.Release|Any CPU.ActiveCfg = Release|Any CPU
		{5F3923E7-83E3-449F-9006-6B96D6FD456D}.Release|Any CPU.Build.0 = Release|Any CPU
		{5F3923E7-83E3-449F-9006-6B96D6FD456D}.Release|x64.ActiveCfg = Release|x64
		{5F3923E7-83E3-449F-9006-6B96D6FD456D}.Release|x64.Build.0 = Release|x64
		{5F3923E7-83E3-449F-9006-6B96D6FD456D}.Release|x86.ActiveCfg = Release|x86
		{5F3923E7-83E3-449F-9006-6B96D6FD456D}.Release|x86.Build.0 = Release|x86
		{E43FCBD8-C14D-42D3-B86B-B76C50850514}.Debug|Any CPU.ActiveCfg = Debug|Any CPU
		{E43FCBD8-C14D-42D3-B86B-B76C50850514}.Debug|Any CPU.Build.0 = Debug|Any CPU
		{E43FCBD8-C14D-42D3-B86B-B76C50850514}.Debug|x64.ActiveCfg = Debug|Any CPU
		{E43FCBD8-C14D-42D3-B86B-B76C50850514}.Debug|x64.Build.0 = Debug|Any CPU
		{E43FCBD8-C14D-42D3-B86B-B76C50850514}.Debug|x86.ActiveCfg = Debug|Any CPU
		{E43FCBD8-C14D-42D3-B86B-B76C50850514}.Debug|x86.Build.0 = Debug|Any CPU
		{E43FCBD8-C14D-42D3-B86B-B76C50850514}.Release|Any CPU.ActiveCfg = Release|Any CPU
		{E43FCBD8-C14D-42D3-B86B-B76C50850514}.Release|Any CPU.Build.0 = Release|Any CPU
		{E43FCBD8-C14D-42D3-B86B-B76C50850514}.Release|x64.ActiveCfg = Release|Any CPU
		{E43FCBD8-C14D-42D3-B86B-B76C50850514}.Release|x64.Build.0 = Release|Any CPU
		{E43FCBD8-C14D-42D3-B86B-B76C50850514}.Release|x86.ActiveCfg = Release|Any CPU
		{E43FCBD8-C14D-42D3-B86B-B76C50850514}.Release|x86.Build.0 = Release|Any CPU
	EndGlobalSection
	GlobalSection(NestedProjects) = preSolution
		{A68DE53D-D970-47C7-9D90-9383AE7F9A66} = {0C586359-90BD-4E66-AB09-D2BA009DD811}
		{ED13F0FF-C2DE-4882-9038-07E9D4FDC3AF} = {0C586359-90BD-4E66-AB09-D2BA009DD811}
		{5F3923E7-83E3-449F-9006-6B96D6FD456D} = {0C586359-90BD-4E66-AB09-D2BA009DD811}
		{E43FCBD8-C14D-42D3-B86B-B76C50850514} = {0C586359-90BD-4E66-AB09-D2BA009DD811}
	EndGlobalSection
EndGlobal
